
Microsoft Visual Studio Solution File, Format Version 12.00
# Visual Studio Version 16
VisualStudioVersion = 16.0.33027.164
MinimumVisualStudioVersion = 10.0.40219.1
Project("{FAE04EC0-301F-11D3-BF4B-00C04F79EFBC}") = "SurveyProject", "SurveyProject\SurveyProject.csproj", "{23C67A85-694F-4DED-A10B-B12656E9D2EE}"
EndProject
Global
	GlobalSection(SolutionConfigurationPlatforms) = preSolution
		Debug|Any CPU = Debug|Any CPU
		Release|Any CPU = Release|Any CPU
	EndGlobalSection
	GlobalSection(ProjectConfigurationPlatforms) = postSolution
		{23C67A85-694F-4DED-A10B-B12656E9D2EE}.Debug|Any CPU.ActiveCfg = Debug|Any CPU
		{23C67A85-694F-4DED-A10B-B12656E9D2EE}.Debug|Any CPU.Build.0 = Debug|Any CPU
		{23C67A85-694F-4DED-A10B-B12656E9D2EE}.Release|Any CPU.ActiveCfg = Release|Any CPU
		{23C67A85-694F-4DED-A10B-B12656E9D2EE}.Release|Any CPU.Build.0 = Release|Any CPU
	EndGlobalSection
	GlobalSection(SolutionProperties) = preSolution
		HideSolutionNode = FALSE
	EndGlobalSection
	GlobalSection(ExtensibilityGlobals) = postSolution
		SolutionGuid = {5A01CD60-A06E-4658-B2F9-A4B3029DD18A}
	EndGlobalSection
EndGlobal
